
Microsoft Visual Studio Solution File, Format Version 12.00
# Visual Studio Version 17
VisualStudioVersion = 17.10.35027.167
MinimumVisualStudioVersion = 10.0.40219.1
Project("{9A19103F-16F7-4668-BE54-9A1E7A4F7556}") = "EnviarMultiplosIDs", "EnviarMultiplosIDs\EnviarMultiplosIDs.csproj", "{FB8F9018-BE0A-4F94-988A-CD927E9CBBC2}"
EndProject
Global
	GlobalSection(SolutionConfigurationPlatforms) = preSolution
		Debug|Any CPU = Debug|Any CPU
		Release|Any CPU = Release|Any CPU
	EndGlobalSection
	GlobalSection(ProjectConfigurationPlatforms) = postSolution
		{FB8F9018-BE0A-4F94-988A-CD927E9CBBC2}.Debug|Any CPU.ActiveCfg = Debug|Any CPU
		{FB8F9018-BE0A-4F94-988A-CD927E9CBBC2}.Debug|Any CPU.Build.0 = Debug|Any CPU
		{FB8F9018-BE0A-4F94-988A-CD927E9CBBC2}.Release|Any CPU.ActiveCfg = Release|Any CPU
		{FB8F9018-BE0A-4F94-988A-CD927E9CBBC2}.Release|Any CPU.Build.0 = Release|Any CPU
	EndGlobalSection
	GlobalSection(SolutionProperties) = preSolution
		HideSolutionNode = FALSE
	EndGlobalSection
	GlobalSection(ExtensibilityGlobals) = postSolution
		SolutionGuid = {A5FA1E5A-8185-4A01-A9F7-CF93EC779422}
	EndGlobalSection
EndGlobal
